
Microsoft Visual Studio Solution File, Format Version 12.00
# Visual Studio 15
VisualStudioVersion = 15.0.28307.168
MinimumVisualStudioVersion = 10.0.40219.1
Project("{9A19103F-16F7-4668-BE54-9A1E7A4F7556}") = "cepton_cs_sdk", "cepton_cs_sdk\cepton_cs_sdk.csproj", "{A4482FE6-2AED-4EB8-8D9C-68119FEB7DED}"
EndProject
Project("{FAE04EC0-301F-11D3-BF4B-00C04F79EFBC}") = "cepton_cs_sample", "cepton_cs_sample\cepton_cs_sample.csproj", "{CA459679-6B35-49CF-A484-4149DE3798F3}"
EndProject
Global
	GlobalSection(SolutionConfigurationPlatforms) = preSolution
		Debug|Any CPU = Debug|Any CPU
		Debug|x64 = Debug|x64
		Release|Any CPU = Release|Any CPU
		Release|x64 = Release|x64
	EndGlobalSection
	GlobalSection(ProjectConfigurationPlatforms) = postSolution
		{A4482FE6-2AED-4EB8-8D9C-68119FEB7DED}.Debug|Any CPU.ActiveCfg = Debug|Any CPU
		{A4482FE6-2AED-4EB8-8D9C-68119FEB7DED}.Debug|Any CPU.Build.0 = Debug|Any CPU
		{A4482FE6-2AED-4EB8-8D9C-68119FEB7DED}.Debug|x64.ActiveCfg = Debug|x64
		{A4482FE6-2AED-4EB8-8D9C-68119FEB7DED}.Debug|x64.Build.0 = Debug|x64
		{A4482FE6-2AED-4EB8-8D9C-68119FEB7DED}.Release|Any CPU.ActiveCfg = Release|Any CPU
		{A4482FE6-2AED-4EB8-8D9C-68119FEB7DED}.Release|Any CPU.Build.0 = Release|Any CPU
		{A4482FE6-2AED-4EB8-8D9C-68119FEB7DED}.Release|x64.ActiveCfg = Release|x64
		{A4482FE6-2AED-4EB8-8D9C-68119FEB7DED}.Release|x64.Build.0 = Release|x64
		{CA459679-6B35-49CF-A484-4149DE3798F3}.Debug|Any CPU.ActiveCfg = Debug|Any CPU
		{CA459679-6B35-49CF-A484-4149DE3798F3}.Debug|Any CPU.Build.0 = Debug|Any CPU
		{CA459679-6B35-49CF-A484-4149DE3798F3}.Debug|x64.ActiveCfg = Debug|x64
		{CA459679-6B35-49CF-A484-4149DE3798F3}.Debug|x64.Build.0 = Debug|x64
		{CA459679-6B35-49CF-A484-4149DE3798F3}.Release|Any CPU.ActiveCfg = Release|Any CPU
		{CA459679-6B35-49CF-A484-4149DE3798F3}.Release|Any CPU.Build.0 = Release|Any CPU
		{CA459679-6B35-49CF-A484-4149DE3798F3}.Release|x64.ActiveCfg = Release|x64
		{CA459679-6B35-49CF-A484-4149DE3798F3}.Release|x64.Build.0 = Release|x64
	EndGlobalSection
	GlobalSection(SolutionProperties) = preSolution
		HideSolutionNode = FALSE
	EndGlobalSection
	GlobalSection(ExtensibilityGlobals) = postSolution
		SolutionGuid = {ECF3A7D2-ED06-4CDC-BB1E-C76D2B97063A}
	EndGlobalSection
EndGlobal
